// !$*UTF8*$!
{
	archiveVersion = 1;
	classes = {
	};
	objectVersion = 50;
	objects = {

/* Begin PBXBuildFile section */
		8C3867672200348D00FBBAC9 /* 醉仙美.band in Resources */ = {isa = PBXBuildFile; fileRef = 8C3867662200348D00FBBAC9 /* 醉仙美.band */; };
		8C386769220043C400FBBAC9 /* 有为.pdf in Resources */ = {isa = PBXBuildFile; fileRef = 8C386768220043C400FBBAC9 /* 有为.pdf */; };
		8C386774220065C900FBBAC9 /* DisplayController.m in Sources */ = {isa = PBXBuildFile; fileRef = 8C386772220065C900FBBAC9 /* DisplayController.m */; };
		8C386775220065C900FBBAC9 /* DisplayController.xib in Resources */ = {isa = PBXBuildFile; fileRef = 8C386773220065C900FBBAC9 /* DisplayController.xib */; };
		8C38679D2200682B00FBBAC9 /* LICENSE in Resources */ = {isa = PBXBuildFile; fileRef = 8C3867772200682B00FBBAC9 /* LICENSE */; };
		8C38679E2200682B00FBBAC9 /* README.md in Resources */ = {isa = PBXBuildFile; fileRef = 8C3867782200682B00FBBAC9 /* README.md */; };
		8C38679F2200682B00FBBAC9 /* UIProgressView+AFNetworking.m in Sources */ = {isa = PBXBuildFile; fileRef = 8C38677A2200682B00FBBAC9 /* UIProgressView+AFNetworking.m */; };
		8C3867A02200682B00FBBAC9 /* UIRefreshControl+AFNetworking.m in Sources */ = {isa = PBXBuildFile; fileRef = 8C38677C2200682B00FBBAC9 /* UIRefreshControl+AFNetworking.m */; };
		8C3867A12200682B00FBBAC9 /* AFNetworkActivityIndicatorManager.m in Sources */ = {isa = PBXBuildFile; fileRef = 8C38677F2200682B00FBBAC9 /* AFNetworkActivityIndicatorManager.m */; };
		8C3867A22200682B00FBBAC9 /* UIImageView+AFNetworking.m in Sources */ = {isa = PBXBuildFile; fileRef = 8C3867852200682B00FBBAC9 /* UIImageView+AFNetworking.m */; };
		8C3867A32200682B00FBBAC9 /* UIButton+AFNetworking.m in Sources */ = {isa = PBXBuildFile; fileRef = 8C3867882200682B00FBBAC9 /* UIButton+AFNetworking.m */; };
		8C3867A42200682B00FBBAC9 /* UIActivityIndicatorView+AFNetworking.m in Sources */ = {isa = PBXBuildFile; fileRef = 8C3867892200682B00FBBAC9 /* UIActivityIndicatorView+AFNetworking.m */; };
		8C3867A52200682B00FBBAC9 /* UIWebView+AFNetworking.m in Sources */ = {isa = PBXBuildFile; fileRef = 8C38678A2200682B00FBBAC9 /* UIWebView+AFNetworking.m */; };
		8C3867A62200682B00FBBAC9 /* AFAutoPurgingImageCache.m in Sources */ = {isa = PBXBuildFile; fileRef = 8C38678B2200682B00FBBAC9 /* AFAutoPurgingImageCache.m */; };
		8C3867A72200682B00FBBAC9 /* AFImageDownloader.m in Sources */ = {isa = PBXBuildFile; fileRef = 8C38678D2200682B00FBBAC9 /* AFImageDownloader.m */; };
		8C3867A82200682B00FBBAC9 /* AFURLResponseSerialization.m in Sources */ = {isa = PBXBuildFile; fileRef = 8C3867932200682B00FBBAC9 /* AFURLResponseSerialization.m */; };
		8C3867A92200682B00FBBAC9 /* AFHTTPSessionManager.m in Sources */ = {isa = PBXBuildFile; fileRef = 8C3867942200682B00FBBAC9 /* AFHTTPSessionManager.m */; };
		8C3867AA2200682B00FBBAC9 /* AFURLSessionManager.m in Sources */ = {isa = PBXBuildFile; fileRef = 8C3867962200682B00FBBAC9 /* AFURLSessionManager.m */; };
		8C3867AB2200682B00FBBAC9 /* AFURLRequestSerialization.m in Sources */ = {isa = PBXBuildFile; fileRef = 8C3867972200682B00FBBAC9 /* AFURLRequestSerialization.m */; };
		8C3867AC2200682B00FBBAC9 /* AFNetworkReachabilityManager.m in Sources */ = {isa = PBXBuildFile; fileRef = 8C3867992200682B00FBBAC9 /* AFNetworkReachabilityManager.m */; };
		8C3867AD2200682B00FBBAC9 /* AFSecurityPolicy.m in Sources */ = {isa = PBXBuildFile; fileRef = 8C38679A2200682B00FBBAC9 /* AFSecurityPolicy.m */; };
		8C488D5A21FEF0EE00BF66B5 /* 启动.txt in Resources */ = {isa = PBXBuildFile; fileRef = 8C488D5921FEF0EE00BF66B5 /* 启动.txt */; };
		8C997D5721FAAF7200F8BFDD /* AppDelegate.m in Sources */ = {isa = PBXBuildFile; fileRef = 8C997D5621FAAF7200F8BFDD /* AppDelegate.m */; };
		8C997D5A21FAAF7200F8BFDD /* ViewController.m in Sources */ = {isa = PBXBuildFile; fileRef = 8C997D5921FAAF7200F8BFDD /* ViewController.m */; };
		8C997D5D21FAAF7200F8BFDD /* Main.storyboard in Resources */ = {isa = PBXBuildFile; fileRef = 8C997D5B21FAAF7200F8BFDD /* Main.storyboard */; };
		8C997D5F21FAAF7400F8BFDD /* Assets.xcassets in Resources */ = {isa = PBXBuildFile; fileRef = 8C997D5E21FAAF7400F8BFDD /* Assets.xcassets */; };
		8C997D6221FAAF7400F8BFDD /* LaunchScreen.storyboard in Resources */ = {isa = PBXBuildFile; fileRef = 8C997D6021FAAF7400F8BFDD /* LaunchScreen.storyboard */; };
		8C997D6521FAAF7400F8BFDD /* main.m in Sources */ = {isa = PBXBuildFile; fileRef = 8C997D6421FAAF7400F8BFDD /* main.m */; };
		8C997D6F21FAAF7400F8BFDD /* ______UITests.m in Sources */ = {isa = PBXBuildFile; fileRef = 8C997D6E21FAAF7400F8BFDD /* ______UITests.m */; };
		8C997D7B21FAB1C500F8BFDD /* Social.framework in Frameworks */ = {isa = PBXBuildFile; fileRef = 8C997D7A21FAB1C500F8BFDD /* Social.framework */; };
		8C997D7D21FAB58E00F8BFDD /* shareImage.png in Resources */ = {isa = PBXBuildFile; fileRef = 8C997D7C21FAB58E00F8BFDD /* shareImage.png */; };
		8C997D7F21FAB5DB00F8BFDD /* 11.m4r in Resources */ = {isa = PBXBuildFile; fileRef = 8C997D7E21FAB5DB00F8BFDD /* 11.m4r */; };
		8C997D8121FAB82400F8BFDD /* 周蕙-当归.mp3 in Resources */ = {isa = PBXBuildFile; fileRef = 8C997D8021FAB82400F8BFDD /* 周蕙-当归.mp3 */; };
		8C997D8321FAE36800F8BFDD /* cc.m4r in Resources */ = {isa = PBXBuildFile; fileRef = 8C997D8221FAE36800F8BFDD /* cc.m4r */; };
		8C997D8521FB094600F8BFDD /* 陪你.band in Resources */ = {isa = PBXBuildFile; fileRef = 8C997D8421FB094500F8BFDD /* 陪你.band */; };
		8C997D8721FB0E8700F8BFDD /* 醉仙.band in Resources */ = {isa = PBXBuildFile; fileRef = 8C997D8621FB0E8700F8BFDD /* 醉仙.band */; };
		8C997D8921FB106500F8BFDD /* 醉.band in Resources */ = {isa = PBXBuildFile; fileRef = 8C997D8821FB106500F8BFDD /* 醉.band */; };
		8C997D8B21FB178700F8BFDD /* bandfolder.band in Resources */ = {isa = PBXBuildFile; fileRef = 8C997D8A21FB178700F8BFDD /* bandfolder.band */; };
/* End PBXBuildFile section */

/* Begin PBXContainerItemProxy section */
		8C997D6B21FAAF7400F8BFDD /* PBXContainerItemProxy */ = {
			isa = PBXContainerItemProxy;
			containerPortal = 8C997D4A21FAAF7200F8BFDD /* Project object */;
			proxyType = 1;
			remoteGlobalIDString = 8C997D5121FAAF7200F8BFDD;
			remoteInfo = "手机铃声设置";
		};
/* End PBXContainerItemProxy section */

/* Begin PBXFileReference section */
		8C3867662200348D00FBBAC9 /* 醉仙美.band */ = {isa = PBXFileReference; lastKnownFileType = wrapper; path = "醉仙美.band"; sourceTree = "<group>"; };
		8C386768220043C400FBBAC9 /* 有为.pdf */ = {isa = PBXFileReference; lastKnownFileType = image.pdf; path = "有为.pdf"; sourceTree = "<group>"; };
		8C386771220065C900FBBAC9 /* DisplayController.h */ = {isa = PBXFileReference; lastKnownFileType = sourcecode.c.h; path = DisplayController.h; sourceTree = "<group>"; };
		8C386772220065C900FBBAC9 /* DisplayController.m */ = {isa = PBXFileReference; lastKnownFileType = sourcecode.c.objc; path = DisplayController.m; sourceTree = "<group>"; };
		8C386773220065C900FBBAC9 /* DisplayController.xib */ = {isa = PBXFileReference; lastKnownFileType = file.xib; path = DisplayController.xib; sourceTree = "<group>"; };
		8C3867772200682B00FBBAC9 /* LICENSE */ = {isa = PBXFileReference; fileEncoding = 4; lastKnownFileType = text; path = LICENSE; sourceTree = "<group>"; };
		8C3867782200682B00FBBAC9 /* README.md */ = {isa = PBXFileReference; fileEncoding = 4; lastKnownFileType = net.daringfireball.markdown; path = README.md; sourceTree = "<group>"; };
		8C38677A2200682B00FBBAC9 /* UIProgressView+AFNetworking.m */ = {isa = PBXFileReference; fileEncoding = 4; lastKnownFileType = sourcecode.c.objc; path = "UIProgressView+AFNetworking.m"; sourceTree = "<group>"; };
		8C38677B2200682B00FBBAC9 /* UIButton+AFNetworking.h */ = {isa = PBXFileReference; fileEncoding = 4; lastKnownFileType = sourcecode.c.h; path = "UIButton+AFNetworking.h"; sourceTree = "<group>"; };
		8C38677C2200682B00FBBAC9 /* UIRefreshControl+AFNetworking.m */ = {isa = PBXFileReference; fileEncoding = 4; lastKnownFileType = sourcecode.c.objc; path = "UIRefreshControl+AFNetworking.m"; sourceTree = "<group>"; };
		8C38677D2200682B00FBBAC9 /* UIImageView+AFNetworking.h */ = {isa = PBXFileReference; fileEncoding = 4; lastKnownFileType = sourcecode.c.h; path = "UIImageView+AFNetworking.h"; sourceTree = "<group>"; };
		8C38677E2200682B00FBBAC9 /* AFImageDownloader.h */ = {isa = PBXFileReference; fileEncoding = 4; lastKnownFileType = sourcecode.c.h; path = AFImageDownloader.h; sourceTree = "<group>"; };
		8C38677F2200682B00FBBAC9 /* AFNetworkActivityIndicatorManager.m */ = {isa = PBXFileReference; fileEncoding = 4; lastKnownFileType = sourcecode.c.objc; path = AFNetworkActivityIndicatorManager.m; sourceTree = "<group>"; };
		8C3867802200682B00FBBAC9 /* AFAutoPurgingImageCache.h */ = {isa = PBXFileReference; fileEncoding = 4; lastKnownFileType = sourcecode.c.h; path = AFAutoPurgingImageCache.h; sourceTree = "<group>"; };
		8C3867812200682B00FBBAC9 /* UIWebView+AFNetworking.h */ = {isa = PBXFileReference; fileEncoding = 4; lastKnownFileType = sourcecode.c.h; path = "UIWebView+AFNetworking.h"; sourceTree = "<group>"; };
		8C3867822200682B00FBBAC9 /* UIActivityIndicatorView+AFNetworking.h */ = {isa = PBXFileReference; fileEncoding = 4; lastKnownFileType = sourcecode.c.h; path = "UIActivityIndicatorView+AFNetworking.h"; sourceTree = "<group>"; };
		8C3867832200682B00FBBAC9 /* UIImage+AFNetworking.h */ = {isa = PBXFileReference; fileEncoding = 4; lastKnownFileType = sourcecode.c.h; path = "UIImage+AFNetworking.h"; sourceTree = "<group>"; };
		8C3867842200682B00FBBAC9 /* UIProgressView+AFNetworking.h */ = {isa = PBXFileReference; fileEncoding = 4; lastKnownFileType = sourcecode.c.h; path = "UIProgressView+AFNetworking.h"; sourceTree = "<group>"; };
		8C3867852200682B00FBBAC9 /* UIImageView+AFNetworking.m */ = {isa = PBXFileReference; fileEncoding = 4; lastKnownFileType = sourcecode.c.objc; path = "UIImageView+AFNetworking.m"; sourceTree = "<group>"; };
		8C3867862200682B00FBBAC9 /* UIKit+AFNetworking.h */ = {isa = PBXFileReference; fileEncoding = 4; lastKnownFileType = sourcecode.c.h; path = "UIKit+AFNetworking.h"; sourceTree = "<group>"; };
		8C3867872200682B00FBBAC9 /* UIRefreshControl+AFNetworking.h */ = {isa = PBXFileReference; fileEncoding = 4; lastKnownFileType = sourcecode.c.h; path = "UIRefreshControl+AFNetworking.h"; sourceTree = "<group>"; };
		8C3867882200682B00FBBAC9 /* UIButton+AFNetworking.m */ = {isa = PBXFileReference; fileEncoding = 4; lastKnownFileType = sourcecode.c.objc; path = "UIButton+AFNetworking.m"; sourceTree = "<group>"; };
		8C3867892200682B00FBBAC9 /* UIActivityIndicatorView+AFNetworking.m */ = {isa = PBXFileReference; fileEncoding = 4; lastKnownFileType = sourcecode.c.objc; path = "UIActivityIndicatorView+AFNetworking.m"; sourceTree = "<group>"; };
		8C38678A2200682B00FBBAC9 /* UIWebView+AFNetworking.m */ = {isa = PBXFileReference; fileEncoding = 4; lastKnownFileType = sourcecode.c.objc; path = "UIWebView+AFNetworking.m"; sourceTree = "<group>"; };
		8C38678B2200682B00FBBAC9 /* AFAutoPurgingImageCache.m */ = {isa = PBXFileReference; fileEncoding = 4; lastKnownFileType = sourcecode.c.objc; path = AFAutoPurgingImageCache.m; sourceTree = "<group>"; };
		8C38678C2200682B00FBBAC9 /* AFNetworkActivityIndicatorManager.h */ = {isa = PBXFileReference; fileEncoding = 4; lastKnownFileType = sourcecode.c.h; path = AFNetworkActivityIndicatorManager.h; sourceTree = "<group>"; };
		8C38678D2200682B00FBBAC9 /* AFImageDownloader.m */ = {isa = PBXFileReference; fileEncoding = 4; lastKnownFileType = sourcecode.c.objc; path = AFImageDownloader.m; sourceTree = "<group>"; };
		8C38678F2200682B00FBBAC9 /* AFSecurityPolicy.h */ = {isa = PBXFileReference; fileEncoding = 4; lastKnownFileType = sourcecode.c.h; path = AFSecurityPolicy.h; sourceTree = "<group>"; };
		8C3867902200682B00FBBAC9 /* AFNetworkReachabilityManager.h */ = {isa = PBXFileReference; fileEncoding = 4; lastKnownFileType = sourcecode.c.h; path = AFNetworkReachabilityManager.h; sourceTree = "<group>"; };
		8C3867912200682B00FBBAC9 /* AFURLSessionManager.h */ = {isa = PBXFileReference; fileEncoding = 4; lastKnownFileType = sourcecode.c.h; path = AFURLSessionManager.h; sourceTree = "<group>"; };
		8C3867922200682B00FBBAC9 /* AFURLRequestSerialization.h */ = {isa = PBXFileReference; fileEncoding = 4; lastKnownFileType = sourcecode.c.h; path = AFURLRequestSerialization.h; sourceTree = "<group>"; };
		8C3867932200682B00FBBAC9 /* AFURLResponseSerialization.m */ = {isa = PBXFileReference; fileEncoding = 4; lastKnownFileType = sourcecode.c.objc; path = AFURLResponseSerialization.m; sourceTree = "<group>"; };
		8C3867942200682B00FBBAC9 /* AFHTTPSessionManager.m */ = {isa = PBXFileReference; fileEncoding = 4; lastKnownFileType = sourcecode.c.objc; path = AFHTTPSessionManager.m; sourceTree = "<group>"; };
		8C3867952200682B00FBBAC9 /* AFURLResponseSerialization.h */ = {isa = PBXFileReference; fileEncoding = 4; lastKnownFileType = sourcecode.c.h; path = AFURLResponseSerialization.h; sourceTree = "<group>"; };
		8C3867962200682B00FBBAC9 /* AFURLSessionManager.m */ = {isa = PBXFileReference; fileEncoding = 4; lastKnownFileType = sourcecode.c.objc; path = AFURLSessionManager.m; sourceTree = "<group>"; };
		8C3867972200682B00FBBAC9 /* AFURLRequestSerialization.m */ = {isa = PBXFileReference; fileEncoding = 4; lastKnownFileType = sourcecode.c.objc; path = AFURLRequestSerialization.m; sourceTree = "<group>"; };
		8C3867982200682B00FBBAC9 /* AFNetworking.h */ = {isa = PBXFileReference; fileEncoding = 4; lastKnownFileType = sourcecode.c.h; path = AFNetworking.h; sourceTree = "<group>"; };
		8C3867992200682B00FBBAC9 /* AFNetworkReachabilityManager.m */ = {isa = PBXFileReference; fileEncoding = 4; lastKnownFileType = sourcecode.c.objc; path = AFNetworkReachabilityManager.m; sourceTree = "<group>"; };
		8C38679A2200682B00FBBAC9 /* AFSecurityPolicy.m */ = {isa = PBXFileReference; fileEncoding = 4; lastKnownFileType = sourcecode.c.objc; path = AFSecurityPolicy.m; sourceTree = "<group>"; };
		8C38679B2200682B00FBBAC9 /* AFCompatibilityMacros.h */ = {isa = PBXFileReference; fileEncoding = 4; lastKnownFileType = sourcecode.c.h; path = AFCompatibilityMacros.h; sourceTree = "<group>"; };
		8C38679C2200682B00FBBAC9 /* AFHTTPSessionManager.h */ = {isa = PBXFileReference; fileEncoding = 4; lastKnownFileType = sourcecode.c.h; path = AFHTTPSessionManager.h; sourceTree = "<group>"; };
		8C488D5921FEF0EE00BF66B5 /* 启动.txt */ = {isa = PBXFileReference; fileEncoding = 4; lastKnownFileType = text; path = "启动.txt"; sourceTree = "<group>"; };
		8C997D5221FAAF7200F8BFDD /* 手机铃声设置.app */ = {isa = PBXFileReference; explicitFileType = wrapper.application; includeInIndex = 0; path = "手机铃声设置.app"; sourceTree = BUILT_PRODUCTS_DIR; };
		8C997D5521FAAF7200F8BFDD /* AppDelegate.h */ = {isa = PBXFileReference; lastKnownFileType = sourcecode.c.h; path = AppDelegate.h; sourceTree = "<group>"; };
		8C997D5621FAAF7200F8BFDD /* AppDelegate.m */ = {isa = PBXFileReference; lastKnownFileType = sourcecode.c.objc; path = AppDelegate.m; sourceTree = "<group>"; };
		8C997D5821FAAF7200F8BFDD /* ViewController.h */ = {isa = PBXFileReference; lastKnownFileType = sourcecode.c.h; path = ViewController.h; sourceTree = "<group>"; };
		8C997D5921FAAF7200F8BFDD /* ViewController.m */ = {isa = PBXFileReference; lastKnownFileType = sourcecode.c.objc; path = ViewController.m; sourceTree = "<group>"; };
		8C997D5C21FAAF7200F8BFDD /* Base */ = {isa = PBXFileReference; lastKnownFileType = file.storyboard; name = Base; path = Base.lproj/Main.storyboard; sourceTree = "<group>"; };
		8C997D5E21FAAF7400F8BFDD /* Assets.xcassets */ = {isa = PBXFileReference; lastKnownFileType = folder.assetcatalog; path = Assets.xcassets; sourceTree = "<group>"; };
		8C997D6121FAAF7400F8BFDD /* Base */ = {isa = PBXFileReference; lastKnownFileType = file.storyboard; name = Base; path = Base.lproj/LaunchScreen.storyboard; sourceTree = "<group>"; };
		8C997D6321FAAF7400F8BFDD /* Info.plist */ = {isa = PBXFileReference; lastKnownFileType = text.plist.xml; path = Info.plist; sourceTree = "<group>"; };
		8C997D6421FAAF7400F8BFDD /* main.m */ = {isa = PBXFileReference; lastKnownFileType = sourcecode.c.objc; path = main.m; sourceTree = "<group>"; };
		8C997D6A21FAAF7400F8BFDD /* 手机铃声设置UITests.xctest */ = {isa = PBXFileReference; explicitFileType = wrapper.cfbundle; includeInIndex = 0; path = "手机铃声设置UITests.xctest"; sourceTree = BUILT_PRODUCTS_DIR; };
		8C997D6E21FAAF7400F8BFDD /* ______UITests.m */ = {isa = PBXFileReference; lastKnownFileType = sourcecode.c.objc; path = "______UITests.m"; sourceTree = "<group>"; };
		8C997D7021FAAF7400F8BFDD /* Info.plist */ = {isa = PBXFileReference; lastKnownFileType = text.plist.xml; path = Info.plist; sourceTree = "<group>"; };
		8C997D7A21FAB1C500F8BFDD /* Social.framework */ = {isa = PBXFileReference; lastKnownFileType = wrapper.framework; name = Social.framework; path = System/Library/Frameworks/Social.framework; sourceTree = SDKROOT; };
		8C997D7C21FAB58E00F8BFDD /* shareImage.png */ = {isa = PBXFileReference; lastKnownFileType = image.png; path = shareImage.png; sourceTree = "<group>"; };
		8C997D7E21FAB5DB00F8BFDD /* 11.m4r */ = {isa = PBXFileReference; lastKnownFileType = file; path = 11.m4r; sourceTree = "<group>"; };
		8C997D8021FAB82400F8BFDD /* 周蕙-当归.mp3 */ = {isa = PBXFileReference; lastKnownFileType = audio.mp3; path = "周蕙-当归.mp3"; sourceTree = "<group>"; };
		8C997D8221FAE36800F8BFDD /* cc.m4r */ = {isa = PBXFileReference; lastKnownFileType = file; path = cc.m4r; sourceTree = "<group>"; };
		8C997D8421FB094500F8BFDD /* 陪你.band */ = {isa = PBXFileReference; lastKnownFileType = wrapper; path = "陪你.band"; sourceTree = "<group>"; };
		8C997D8621FB0E8700F8BFDD /* 醉仙.band */ = {isa = PBXFileReference; lastKnownFileType = wrapper; path = "醉仙.band"; sourceTree = "<group>"; };
		8C997D8821FB106500F8BFDD /* 醉.band */ = {isa = PBXFileReference; lastKnownFileType = wrapper; path = "醉.band"; sourceTree = "<group>"; };
		8C997D8A21FB178700F8BFDD /* bandfolder.band */ = {isa = PBXFileReference; lastKnownFileType = file; path = bandfolder.band; sourceTree = "<group>"; };
/* End PBXFileReference section */

/* Begin PBXFrameworksBuildPhase section */
		8C997D4F21FAAF7200F8BFDD /* Frameworks */ = {
			isa = PBXFrameworksBuildPhase;
			buildActionMask = 2147483647;
			files = (
				8C997D7B21FAB1C500F8BFDD /* Social.framework in Frameworks */,
			);
			runOnlyForDeploymentPostprocessing = 0;
		};
		8C997D6721FAAF7400F8BFDD /* Frameworks */ = {
			isa = PBXFrameworksBuildPhase;
			buildActionMask = 2147483647;
			files = (
			);
			runOnlyForDeploymentPostprocessing = 0;
		};
/* End PBXFrameworksBuildPhase section */

/* Begin PBXGroup section */
		8C3867762200682B00FBBAC9 /* AFNetworking */ = {
			isa = PBXGroup;
			children = (
				8C3867772200682B00FBBAC9 /* LICENSE */,
				8C3867782200682B00FBBAC9 /* README.md */,
				8C3867792200682B00FBBAC9 /* UIKit+AFNetworking */,
				8C38678E2200682B00FBBAC9 /* AFNetworking */,
			);
			path = AFNetworking;
			sourceTree = "<group>";
		};
		8C3867792200682B00FBBAC9 /* UIKit+AFNetworking */ = {
			isa = PBXGroup;
			children = (
				8C38677A2200682B00FBBAC9 /* UIProgressView+AFNetworking.m */,
				8C38677B2200682B00FBBAC9 /* UIButton+AFNetworking.h */,
				8C38677C2200682B00FBBAC9 /* UIRefreshControl+AFNetworking.m */,
				8C38677D2200682B00FBBAC9 /* UIImageView+AFNetworking.h */,
				8C38677E2200682B00FBBAC9 /* AFImageDownloader.h */,
				8C38677F2200682B00FBBAC9 /* AFNetworkActivityIndicatorManager.m */,
				8C3867802200682B00FBBAC9 /* AFAutoPurgingImageCache.h */,
				8C3867812200682B00FBBAC9 /* UIWebView+AFNetworking.h */,
				8C3867822200682B00FBBAC9 /* UIActivityIndicatorView+AFNetworking.h */,
				8C3867832200682B00FBBAC9 /* UIImage+AFNetworking.h */,
				8C3867842200682B00FBBAC9 /* UIProgressView+AFNetworking.h */,
				8C3867852200682B00FBBAC9 /* UIImageView+AFNetworking.m */,
				8C3867862200682B00FBBAC9 /* UIKit+AFNetworking.h */,
				8C3867872200682B00FBBAC9 /* UIRefreshControl+AFNetworking.h */,
				8C3867882200682B00FBBAC9 /* UIButton+AFNetworking.m */,
				8C3867892200682B00FBBAC9 /* UIActivityIndicatorView+AFNetworking.m */,
				8C38678A2200682B00FBBAC9 /* UIWebView+AFNetworking.m */,
				8C38678B2200682B00FBBAC9 /* AFAutoPurgingImageCache.m */,
				8C38678C2200682B00FBBAC9 /* AFNetworkActivityIndicatorManager.h */,
				8C38678D2200682B00FBBAC9 /* AFImageDownloader.m */,
			);
			path = "UIKit+AFNetworking";
			sourceTree = "<group>";
		};
		8C38678E2200682B00FBBAC9 /* AFNetworking */ = {
			isa = PBXGroup;
			children = (
				8C38678F2200682B00FBBAC9 /* AFSecurityPolicy.h */,
				8C3867902200682B00FBBAC9 /* AFNetworkReachabilityManager.h */,
				8C3867912200682B00FBBAC9 /* AFURLSessionManager.h */,
				8C3867922200682B00FBBAC9 /* AFURLRequestSerialization.h */,
				8C3867932200682B00FBBAC9 /* AFURLResponseSerialization.m */,
				8C3867942200682B00FBBAC9 /* AFHTTPSessionManager.m */,
				8C3867952200682B00FBBAC9 /* AFURLResponseSerialization.h */,
				8C3867962200682B00FBBAC9 /* AFURLSessionManager.m */,
				8C3867972200682B00FBBAC9 /* AFURLRequestSerialization.m */,
				8C3867982200682B00FBBAC9 /* AFNetworking.h */,
				8C3867992200682B00FBBAC9 /* AFNetworkReachabilityManager.m */,
				8C38679A2200682B00FBBAC9 /* AFSecurityPolicy.m */,
				8C38679B2200682B00FBBAC9 /* AFCompatibilityMacros.h */,
				8C38679C2200682B00FBBAC9 /* AFHTTPSessionManager.h */,
			);
			path = AFNetworking;
			sourceTree = "<group>";
		};
		8C997D4921FAAF7200F8BFDD = {
			isa = PBXGroup;
			children = (
				8C997D5421FAAF7200F8BFDD /* 手机铃声设置 */,
				8C997D6D21FAAF7400F8BFDD /* 手机铃声设置UITests */,
				8C997D5321FAAF7200F8BFDD /* Products */,
				8C997D7921FAB1C400F8BFDD /* Frameworks */,
			);
			sourceTree = "<group>";
		};
		8C997D5321FAAF7200F8BFDD /* Products */ = {
			isa = PBXGroup;
			children = (
				8C997D5221FAAF7200F8BFDD /* 手机铃声设置.app */,
				8C997D6A21FAAF7400F8BFDD /* 手机铃声设置UITests.xctest */,
			);
			name = Products;
			sourceTree = "<group>";
		};
		8C997D5421FAAF7200F8BFDD /* 手机铃声设置 */ = {
			isa = PBXGroup;
			children = (
				8C3867762200682B00FBBAC9 /* AFNetworking */,
				8C386768220043C400FBBAC9 /* 有为.pdf */,
				8C997D5521FAAF7200F8BFDD /* AppDelegate.h */,
				8C997D5621FAAF7200F8BFDD /* AppDelegate.m */,
				8C488D5921FEF0EE00BF66B5 /* 启动.txt */,
				8C997D8821FB106500F8BFDD /* 醉.band */,
				8C3867662200348D00FBBAC9 /* 醉仙美.band */,
				8C997D5821FAAF7200F8BFDD /* ViewController.h */,
				8C997D5921FAAF7200F8BFDD /* ViewController.m */,
				8C386771220065C900FBBAC9 /* DisplayController.h */,
				8C386772220065C900FBBAC9 /* DisplayController.m */,
				8C386773220065C900FBBAC9 /* DisplayController.xib */,
				8C997D8621FB0E8700F8BFDD /* 醉仙.band */,
				8C997D8421FB094500F8BFDD /* 陪你.band */,
				8C997D7E21FAB5DB00F8BFDD /* 11.m4r */,
				8C997D8A21FB178700F8BFDD /* bandfolder.band */,
				8C997D8221FAE36800F8BFDD /* cc.m4r */,
				8C997D8021FAB82400F8BFDD /* 周蕙-当归.mp3 */,
				8C997D7C21FAB58E00F8BFDD /* shareImage.png */,
				8C997D5B21FAAF7200F8BFDD /* Main.storyboard */,
				8C997D5E21FAAF7400F8BFDD /* Assets.xcassets */,
				8C997D6021FAAF7400F8BFDD /* LaunchScreen.storyboard */,
				8C997D6321FAAF7400F8BFDD /* Info.plist */,
				8C997D6421FAAF7400F8BFDD /* main.m */,
			);
			path = "手机铃声设置";
			sourceTree = "<group>";
		};
		8C997D6D21FAAF7400F8BFDD /* 手机铃声设置UITests */ = {
			isa = PBXGroup;
			children = (
				8C997D6E21FAAF7400F8BFDD /* ______UITests.m */,
				8C997D7021FAAF7400F8BFDD /* Info.plist */,
			);
			path = "手机铃声设置UITests";
			sourceTree = "<group>";
		};
		8C997D7921FAB1C400F8BFDD /* Frameworks */ = {
			isa = PBXGroup;
			children = (
				8C997D7A21FAB1C500F8BFDD /* Social.framework */,
			);
			name = Frameworks;
			sourceTree = "<group>";
		};
/* End PBXGroup section */

/* Begin PBXNativeTarget section */
		8C997D5121FAAF7200F8BFDD /* 手机铃声设置 */ = {
			isa = PBXNativeTarget;
			buildConfigurationList = 8C997D7321FAAF7400F8BFDD /* Build configuration list for PBXNativeTarget "手机铃声设置" */;
			buildPhases = (
				8C997D4E21FAAF7200F8BFDD /* Sources */,
				8C997D4F21FAAF7200F8BFDD /* Frameworks */,
				8C997D5021FAAF7200F8BFDD /* Resources */,
			);
			buildRules = (
			);
			dependencies = (
			);
			name = "手机铃声设置";
			productName = "手机铃声设置";
			productReference = 8C997D5221FAAF7200F8BFDD /* 手机铃声设置.app */;
			productType = "com.apple.product-type.application";
		};
		8C997D6921FAAF7400F8BFDD /* 手机铃声设置UITests */ = {
			isa = PBXNativeTarget;
			buildConfigurationList = 8C997D7621FAAF7400F8BFDD /* Build configuration list for PBXNativeTarget "手机铃声设置UITests" */;
			buildPhases = (
				8C997D6621FAAF7400F8BFDD /* Sources */,
				8C997D6721FAAF7400F8BFDD /* Frameworks */,
				8C997D6821FAAF7400F8BFDD /* Resources */,
			);
			buildRules = (
			);
			dependencies = (
				8C997D6C21FAAF7400F8BFDD /* PBXTargetDependency */,
			);
			name = "手机铃声设置UITests";
			productName = "手机铃声设置UITests";
			productReference = 8C997D6A21FAAF7400F8BFDD /* 手机铃声设置UITests.xctest */;
			productType = "com.apple.product-type.bundle.ui-testing";
		};
/* End PBXNativeTarget section */

/* Begin PBXProject section */
		8C997D4A21FAAF7200F8BFDD /* Project object */ = {
			isa = PBXProject;
			attributes = {
				LastUpgradeCheck = 1010;
				ORGANIZATIONNAME = jiangtaisheng;
				TargetAttributes = {
					8C997D5121FAAF7200F8BFDD = {
						CreatedOnToolsVersion = 10.1;
					};
					8C997D6921FAAF7400F8BFDD = {
						CreatedOnToolsVersion = 10.1;
						TestTargetID = 8C997D5121FAAF7200F8BFDD;
					};
				};
			};
			buildConfigurationList = 8C997D4D21FAAF7200F8BFDD /* Build configuration list for PBXProject "手机铃声设置" */;
			compatibilityVersion = "Xcode 9.3";
			developmentRegion = en;
			hasScannedForEncodings = 0;
			knownRegions = (
				en,
				Base,
			);
			mainGroup = 8C997D4921FAAF7200F8BFDD;
			productRefGroup = 8C997D5321FAAF7200F8BFDD /* Products */;
			projectDirPath = "";
			projectRoot = "";
			targets = (
				8C997D5121FAAF7200F8BFDD /* 手机铃声设置 */,
				8C997D6921FAAF7400F8BFDD /* 手机铃声设置UITests */,
			);
		};
/* End PBXProject section */

/* Begin PBXResourcesBuildPhase section */
		8C997D5021FAAF7200F8BFDD /* Resources */ = {
			isa = PBXResourcesBuildPhase;
			buildActionMask = 2147483647;
			files = (
				8C3867672200348D00FBBAC9 /* 醉仙美.band in Resources */,
				8C997D8921FB106500F8BFDD /* 醉.band in Resources */,
				8C997D8321FAE36800F8BFDD /* cc.m4r in Resources */,
				8C997D8121FAB82400F8BFDD /* 周蕙-当归.mp3 in Resources */,
				8C386775220065C900FBBAC9 /* DisplayController.xib in Resources */,
				8C997D7F21FAB5DB00F8BFDD /* 11.m4r in Resources */,
				8C997D8B21FB178700F8BFDD /* bandfolder.band in Resources */,
				8C997D8721FB0E8700F8BFDD /* 醉仙.band in Resources */,
				8C386769220043C400FBBAC9 /* 有为.pdf in Resources */,
				8C997D6221FAAF7400F8BFDD /* LaunchScreen.storyboard in Resources */,
				8C38679D2200682B00FBBAC9 /* LICENSE in Resources */,
				8C38679E2200682B00FBBAC9 /* README.md in Resources */,
				8C997D8521FB094600F8BFDD /* 陪你.band in Resources */,
				8C997D5F21FAAF7400F8BFDD /* Assets.xcassets in Resources */,
				8C997D5D21FAAF7200F8BFDD /* Main.storyboard in Resources */,
				8C997D7D21FAB58E00F8BFDD /* shareImage.png in Resources */,
				8C488D5A21FEF0EE00BF66B5 /* 启动.txt in Resources */,
			);
			runOnlyForDeploymentPostprocessing = 0;
		};
		8C997D6821FAAF7400F8BFDD /* Resources */ = {
			isa = PBXResourcesBuildPhase;
			buildActionMask = 2147483647;
			files = (
			);
			runOnlyForDeploymentPostprocessing = 0;
		};
/* End PBXResourcesBuildPhase section */

/* Begin PBXSourcesBuildPhase section */
		8C997D4E21FAAF7200F8BFDD /* Sources */ = {
			isa = PBXSourcesBuildPhase;
			buildActionMask = 2147483647;
			files = (
				8C386774220065C900FBBAC9 /* DisplayController.m in Sources */,
				8C997D5A21FAAF7200F8BFDD /* ViewController.m in Sources */,
				8C3867A32200682B00FBBAC9 /* UIButton+AFNetworking.m in Sources */,
				8C3867A72200682B00FBBAC9 /* AFImageDownloader.m in Sources */,
				8C3867A62200682B00FBBAC9 /* AFAutoPurgingImageCache.m in Sources */,
				8C3867A02200682B00FBBAC9 /* UIRefreshControl+AFNetworking.m in Sources */,
				8C3867A22200682B00FBBAC9 /* UIImageView+AFNetworking.m in Sources */,
				8C3867A52200682B00FBBAC9 /* UIWebView+AFNetworking.m in Sources */,
				8C3867AD2200682B00FBBAC9 /* AFSecurityPolicy.m in Sources */,
				8C997D6521FAAF7400F8BFDD /* main.m in Sources */,
				8C3867AA2200682B00FBBAC9 /* AFURLSessionManager.m in Sources */,
				8C3867AC2200682B00FBBAC9 /* AFNetworkReachabilityManager.m in Sources */,
				8C3867A42200682B00FBBAC9 /* UIActivityIndicatorView+AFNetworking.m in Sources */,
				8C997D5721FAAF7200F8BFDD /* AppDelegate.m in Sources */,
				8C3867AB2200682B00FBBAC9 /* AFURLRequestSerialization.m in Sources */,
				8C3867A12200682B00FBBAC9 /* AFNetworkActivityIndicatorManager.m in Sources */,
				8C3867A92200682B00FBBAC9 /* AFHTTPSessionManager.m in Sources */,
				8C3867A82200682B00FBBAC9 /* AFURLResponseSerialization.m in Sources */,
				8C38679F2200682B00FBBAC9 /* UIProgressView+AFNetworking.m in Sources */,
			);
			runOnlyForDeploymentPostprocessing = 0;
		};
		8C997D6621FAAF7400F8BFDD /* Sources */ = {
			isa = PBXSourcesBuildPhase;
			buildActionMask = 2147483647;
			files = (
				8C997D6F21FAAF7400F8BFDD /* ______UITests.m in Sources */,
			);
			runOnlyForDeploymentPostprocessing = 0;
		};
/* End PBXSourcesBuildPhase section */

/* Begin PBXTargetDependency section */
		8C997D6C21FAAF7400F8BFDD /* PBXTargetDependency */ = {
			isa = PBXTargetDependency;
			target = 8C997D5121FAAF7200F8BFDD /* 手机铃声设置 */;
			targetProxy = 8C997D6B21FAAF7400F8BFDD /* PBXContainerItemProxy */;
		};
/* End PBXTargetDependency section */

/* Begin PBXVariantGroup section */
		8C997D5B21FAAF7200F8BFDD /* Main.storyboard */ = {
			isa = PBXVariantGroup;
			children = (
				8C997D5C21FAAF7200F8BFDD /* Base */,
			);
			name = Main.storyboard;
			sourceTree = "<group>";
		};
		8C997D6021FAAF7400F8BFDD /* LaunchScreen.storyboard */ = {
			isa = PBXVariantGroup;
			children = (
				8C997D6121FAAF7400F8BFDD /* Base */,
			);
			name = LaunchScreen.storyboard;
			sourceTree = "<group>";
		};
/* End PBXVariantGroup section */

/* Begin XCBuildConfiguration section */
		8C997D7121FAAF7400F8BFDD /* Debug */ = {
			isa = XCBuildConfiguration;
			buildSettings = {
				ALWAYS_SEARCH_USER_PATHS = NO;
				CLANG_ANALYZER_NONNULL = YES;
				CLANG_ANALYZER_NUMBER_OBJECT_CONVERSION = YES_AGGRESSIVE;
				CLANG_CXX_LANGUAGE_STANDARD = "gnu++14";
				CLANG_CXX_LIBRARY = "libc++";
				CLANG_ENABLE_MODULES = YES;
				CLANG_ENABLE_OBJC_ARC = YES;
				CLANG_ENABLE_OBJC_WEAK = YES;
				CLANG_WARN_BLOCK_CAPTURE_AUTORELEASING = YES;
				CLANG_WARN_BOOL_CONVERSION = YES;
				CLANG_WARN_COMMA = YES;
				CLANG_WARN_CONSTANT_CONVERSION = YES;
				CLANG_WARN_DEPRECATED_OBJC_IMPLEMENTATIONS = YES;
				CLANG_WARN_DIRECT_OBJC_ISA_USAGE = YES_ERROR;
				CLANG_WARN_DOCUMENTATION_COMMENTS = YES;
				CLANG_WARN_EMPTY_BODY = YES;
				CLANG_WARN_ENUM_CONVERSION = YES;
				CLANG_WARN_INFINITE_RECURSION = YES;
				CLANG_WARN_INT_CONVERSION = YES;
				CLANG_WARN_NON_LITERAL_NULL_CONVERSION = YES;
				CLANG_WARN_OBJC_IMPLICIT_RETAIN_SELF = YES;
				CLANG_WARN_OBJC_LITERAL_CONVERSION = YES;
				CLANG_WARN_OBJC_ROOT_CLASS = YES_ERROR;
				CLANG_WARN_RANGE_LOOP_ANALYSIS = YES;
				CLANG_WARN_STRICT_PROTOTYPES = YES;
				CLANG_WARN_SUSPICIOUS_MOVE = YES;
				CLANG_WARN_UNGUARDED_AVAILABILITY = YES_AGGRESSIVE;
				CLANG_WARN_UNREACHABLE_CODE = YES;
				CLANG_WARN__DUPLICATE_METHOD_MATCH = YES;
				CODE_SIGN_IDENTITY = "iPhone Developer";
				COPY_PHASE_STRIP = NO;
				DEBUG_INFORMATION_FORMAT = dwarf;
				ENABLE_STRICT_OBJC_MSGSEND = YES;
				ENABLE_TESTABILITY = YES;
				GCC_C_LANGUAGE_STANDARD = gnu11;
				GCC_DYNAMIC_NO_PIC = NO;
				GCC_NO_COMMON_BLOCKS = YES;
				GCC_OPTIMIZATION_LEVEL = 0;
				GCC_PREPROCESSOR_DEFINITIONS = (
					"DEBUG=1",
					"$(inherited)",
				);
				GCC_WARN_64_TO_32_BIT_CONVERSION = YES;
				GCC_WARN_ABOUT_RETURN_TYPE = YES_ERROR;
				GCC_WARN_UNDECLARED_SELECTOR = YES;
				GCC_WARN_UNINITIALIZED_AUTOS = YES_AGGRESSIVE;
				GCC_WARN_UNUSED_FUNCTION = YES;
				GCC_WARN_UNUSED_VARIABLE = YES;
				IPHONEOS_DEPLOYMENT_TARGET = 12.1;
				MTL_ENABLE_DEBUG_INFO = INCLUDE_SOURCE;
				MTL_FAST_MATH = YES;
				ONLY_ACTIVE_ARCH = YES;
				SDKROOT = iphoneos;
			};
			name = Debug;
		};
		8C997D7221FAAF7400F8BFDD /* Release */ = {
			isa = XCBuildConfiguration;
			buildSettings = {
				ALWAYS_SEARCH_USER_PATHS = NO;
				CLANG_ANALYZER_NONNULL = YES;
				CLANG_ANALYZER_NUMBER_OBJECT_CONVERSION = YES_AGGRESSIVE;
				CLANG_CXX_LANGUAGE_STANDARD = "gnu++14";
				CLANG_CXX_LIBRARY = "libc++";
				CLANG_ENABLE_MODULES = YES;
				CLANG_ENABLE_OBJC_ARC = YES;
				CLANG_ENABLE_OBJC_WEAK = YES;
				CLANG_WARN_BLOCK_CAPTURE_AUTORELEASING = YES;
				CLANG_WARN_BOOL_CONVERSION = YES;
				CLANG_WARN_COMMA = YES;
				CLANG_WARN_CONSTANT_CONVERSION = YES;
				CLANG_WARN_DEPRECATED_OBJC_IMPLEMENTATIONS = YES;
				CLANG_WARN_DIRECT_OBJC_ISA_USAGE = YES_ERROR;
				CLANG_WARN_DOCUMENTATION_COMMENTS = YES;
				CLANG_WARN_EMPTY_BODY = YES;
				CLANG_WARN_ENUM_CONVERSION = YES;
				CLANG_WARN_INFINITE_RECURSION = YES;
				CLANG_WARN_INT_CONVERSION = YES;
				CLANG_WARN_NON_LITERAL_NULL_CONVERSION = YES;
				CLANG_WARN_OBJC_IMPLICIT_RETAIN_SELF = YES;
				CLANG_WARN_OBJC_LITERAL_CONVERSION = YES;
				CLANG_WARN_OBJC_ROOT_CLASS = YES_ERROR;
				CLANG_WARN_RANGE_LOOP_ANALYSIS = YES;
				CLANG_WARN_STRICT_PROTOTYPES = YES;
				CLANG_WARN_SUSPICIOUS_MOVE = YES;
				CLANG_WARN_UNGUARDED_AVAILABILITY = YES_AGGRESSIVE;
				CLANG_WARN_UNREACHABLE_CODE = YES;
				CLANG_WARN__DUPLICATE_METHOD_MATCH = YES;
				CODE_SIGN_IDENTITY = "iPhone Developer";
				COPY_PHASE_STRIP = NO;
				DEBUG_INFORMATION_FORMAT = "dwarf-with-dsym";
				ENABLE_NS_ASSERTIONS = NO;
				ENABLE_STRICT_OBJC_MSGSEND = YES;
				GCC_C_LANGUAGE_STANDARD = gnu11;
				GCC_NO_COMMON_BLOCKS = YES;
				GCC_WARN_64_TO_32_BIT_CONVERSION = YES;
				GCC_WARN_ABOUT_RETURN_TYPE = YES_ERROR;
				GCC_WARN_UNDECLARED_SELECTOR = YES;
				GCC_WARN_UNINITIALIZED_AUTOS = YES_AGGRESSIVE;
				GCC_WARN_UNUSED_FUNCTION = YES;
				GCC_WARN_UNUSED_VARIABLE = YES;
				IPHONEOS_DEPLOYMENT_TARGET = 12.1;
				MTL_ENABLE_DEBUG_INFO = NO;
				MTL_FAST_MATH = YES;
				SDKROOT = iphoneos;
				VALIDATE_PRODUCT = YES;
			};
			name = Release;
		};
		8C997D7421FAAF7400F8BFDD /* Debug */ = {
			isa = XCBuildConfiguration;
			buildSettings = {
				ASSETCATALOG_COMPILER_APPICON_NAME = AppIcon;
				CODE_SIGN_STYLE = Automatic;
				DEVELOPMENT_TEAM = JUX4DKB8HT;
				INFOPLIST_FILE = "手机铃声设置/Info.plist";
				IPHONEOS_DEPLOYMENT_TARGET = 8.2;
				LD_RUNPATH_SEARCH_PATHS = (
					"$(inherited)",
					"@executable_path/Frameworks",
				);
				PRODUCT_BUNDLE_IDENTIFIER = "com.AK.------";
				PRODUCT_NAME = "$(TARGET_NAME)";
				TARGETED_DEVICE_FAMILY = "1,2";
			};
			name = Debug;
		};
		8C997D7521FAAF7400F8BFDD /* Release */ = {
			isa = XCBuildConfiguration;
			buildSettings = {
				ASSETCATALOG_COMPILER_APPICON_NAME = AppIcon;
				CODE_SIGN_STYLE = Automatic;
				DEVELOPMENT_TEAM = JUX4DKB8HT;
				INFOPLIST_FILE = "手机铃声设置/Info.plist";
				IPHONEOS_DEPLOYMENT_TARGET = 8.2;
				LD_RUNPATH_SEARCH_PATHS = (
					"$(inherited)",
					"@executable_path/Frameworks",
				);
				PRODUCT_BUNDLE_IDENTIFIER = "com.AK.------";
				PRODUCT_NAME = "$(TARGET_NAME)";
				TARGETED_DEVICE_FAMILY = "1,2";
			};
			name = Release;
		};
		8C997D7721FAAF7400F8BFDD /* Debug */ = {
			isa = XCBuildConfiguration;
			buildSettings = {
				CODE_SIGN_STYLE = Automatic;
				DEVELOPMENT_TEAM = JUX4DKB8HT;
				INFOPLIST_FILE = "手机铃声设置UITests/Info.plist";
				LD_RUNPATH_SEARCH_PATHS = (
					"$(inherited)",
					"@executable_path/Frameworks",
					"@loader_path/Frameworks",
				);
				PRODUCT_BUNDLE_IDENTIFIER = "com.AK.------UITests";
				PRODUCT_NAME = "$(TARGET_NAME)";
				TARGETED_DEVICE_FAMILY = "1,2";
				TEST_TARGET_NAME = "手机铃声设置";
			};
			name = Debug;
		};
		8C997D7821FAAF7400F8BFDD /* Release */ = {
			isa = XCBuildConfiguration;
			buildSettings = {
				CODE_SIGN_STYLE = Automatic;
				DEVELOPMENT_TEAM = JUX4DKB8HT;
				INFOPLIST_FILE = "手机铃声设置UITests/Info.plist";
				LD_RUNPATH_SEARCH_PATHS = (
					"$(inherited)",
					"@executable_path/Frameworks",
					"@loader_path/Frameworks",
				);
				PRODUCT_BUNDLE_IDENTIFIER = "com.AK.------UITests";
				PRODUCT_NAME = "$(TARGET_NAME)";
				TARGETED_DEVICE_FAMILY = "1,2";
				TEST_TARGET_NAME = "手机铃声设置";
			};
			name = Release;
		};
/* End XCBuildConfiguration section */

/* Begin XCConfigurationList section */
		8C997D4D21FAAF7200F8BFDD /* Build configuration list for PBXProject "手机铃声设置" */ = {
			isa = XCConfigurationList;
			buildConfigurations = (
				8C997D7121FAAF7400F8BFDD /* Debug */,
				8C997D7221FAAF7400F8BFDD /* Release */,
			);
			defaultConfigurationIsVisible = 0;
			defaultConfigurationName = Release;
		};
		8C997D7321FAAF7400F8BFDD /* Build configuration list for PBXNativeTarget "手机铃声设置" */ = {
			isa = XCConfigurationList;
			buildConfigurations = (
				8C997D7421FAAF7400F8BFDD /* Debug */,
				8C997D7521FAAF7400F8BFDD /* Release */,
			);
			defaultConfigurationIsVisible = 0;
			defaultConfigurationName = Release;
		};
		8C997D7621FAAF7400F8BFDD /* Build configuration list for PBXNativeTarget "手机铃声设置UITests" */ = {
			isa = XCConfigurationList;
			buildConfigurations = (
				8C997D7721FAAF7400F8BFDD /* Debug */,
				8C997D7821FAAF7400F8BFDD /* Release */,
			);
			defaultConfigurationIsVisible = 0;
			defaultConfigurationName = Release;
		};
/* End XCConfigurationList section */
	};
	rootObject = 8C997D4A21FAAF7200F8BFDD /* Project object */;
}
